<?xml version="1.0" encoding="utf-8"?>
<Project ToolsVersion="4.0" xmlns="http://schemas.microsoft.com/developer/msbuild/2003">
  <ItemGroup>
    <Filter Include="소스 파일">
      <UniqueIdentifier>{4FC737F1-C7A5-4376-A066-2A32D752A2FF}</UniqueIdentifier>
      <Extensions>cpp;c;cc;cxx;def;odl;idl;hpj;bat;asm;asmx</Extensions>
    </Filter>
    <Filter Include="헤더 파일">
      <UniqueIdentifier>{93995380-89BD-4b04-88EB-625FBE52EBFB}</UniqueIdentifier>
      <Extensions>h;hh;hpp;hxx;hm;inl;inc;xsd</Extensions>
    </Filter>
    <Filter Include="리소스 파일">
      <UniqueIdentifier>{67DA6AB6-F800-4c08-8B7A-83BB121AAD01}</UniqueIdentifier>
      <Extensions>rc;ico;cur;bmp;dlg;rc2;rct;bin;rgs;gif;jpg;jpeg;jpe;resx;tiff;tif;png;wav;mfcribbon-ms</Extensions>
    </Filter>
    <Filter Include="소스 파일\Object">
      <UniqueIdentifier>{043260c0-2b52-40f1-ab68-f54a00242137}</UniqueIdentifier>
    </Filter>
    <Filter Include="헤더 파일\Object">
      <UniqueIdentifier>{caa83945-1620-446a-a4ab-4b8111608648}</UniqueIdentifier>
    </Filter>
    <Filter Include="소스 파일\Object\Geometry">
      <UniqueIdentifier>{3f073768-b7b5-41b5-b30d-9c19fc27b3e4}</UniqueIdentifier>
    </Filter>
    <Filter Include="헤더 파일\Object\Geomytry">
      <UniqueIdentifier>{cd454c88-aef4-486b-9b79-3ce95d9b3b92}</UniqueIdentifier>
    </Filter>
    <Filter Include="소스 파일\Perlin">
      <UniqueIdentifier>{d8c25b54-27ed-45bd-a1f9-c5ac13bd6a85}</UniqueIdentifier>
    </Filter>
    <Filter Include="헤더 파일\Perlin">
      <UniqueIdentifier>{567e14bd-24ed-48b9-bfe5-94d564df5f40}</UniqueIdentifier>
    </Filter>
    <Filter Include="소스 파일\Test">
      <UniqueIdentifier>{fdc33682-1348-4ea3-bc1b-77c80381300e}</UniqueIdentifier>
    </Filter>
    <Filter Include="소스 파일\Object\Map">
      <UniqueIdentifier>{61b4312d-164d-4d92-8145-c233f74930c2}</UniqueIdentifier>
    </Filter>
    <Filter Include="소스 파일\Object\Light">
      <UniqueIdentifier>{bde217c0-0912-4f72-827d-3065f534b67a}</UniqueIdentifier>
    </Filter>
    <Filter Include="소스 파일\Object\AssmipObj">
      <UniqueIdentifier>{ca4b1408-9b90-4fcc-b696-2dab71836b53}</UniqueIdentifier>
    </Filter>
    <Filter Include="소스 파일\OpenGLCore">
      <UniqueIdentifier>{7bf9f696-ccf2-431e-b266-fffa8fbaabb2}</UniqueIdentifier>
    </Filter>
    <Filter Include="소스 파일\Camera">
      <UniqueIdentifier>{dc0d0cda-cb9e-4446-a485-44369c65d800}</UniqueIdentifier>
    </Filter>
    <Filter Include="헤더 파일\Object\Map">
      <UniqueIdentifier>{c20de34d-0ca5-4181-8397-56e30de67eb9}</UniqueIdentifier>
    </Filter>
    <Filter Include="헤더 파일\Object\AssimpObj">
      <UniqueIdentifier>{476e6d5a-206a-4808-bc7e-2ee488ed142c}</UniqueIdentifier>
    </Filter>
    <Filter Include="헤더 파일\Object\Light">
      <UniqueIdentifier>{73f03727-fd7b-45a7-b253-04b7d79ba1b6}</UniqueIdentifier>
    </Filter>
    <Filter Include="헤더 파일\OpenGLCore">
      <UniqueIdentifier>{04b0de42-5a11-4cb4-a56d-aabfb958911d}</UniqueIdentifier>
    </Filter>
    <Filter Include="헤더 파일\Camera">
      <UniqueIdentifier>{cbe262a4-4cf9-4c6f-9d48-782cf9650320}</UniqueIdentifier>
    </Filter>
  </ItemGroup>
  <ItemGroup>
    <ClCompile Include="main.cpp">
      <Filter>소스 파일</Filter>
    </ClCompile>
    <ClCompile Include="Timer.cpp">
      <Filter>소스 파일</Filter>
    </ClCompile>
    <ClCompile Include="Geometry.cpp">
      <Filter>소스 파일\Object\Geometry</Filter>
    </ClCompile>
    <ClCompile Include="Scene.cpp">
      <Filter>소스 파일</Filter>
    </ClCompile>
    <ClCompile Include="PerlinNoise.cpp">
      <Filter>소스 파일\Perlin</Filter>
    </ClCompile>
    <ClCompile Include="ppm.cpp">
      <Filter>소스 파일\Test</Filter>
    </ClCompile>
    <ClCompile Include="SkyBox.cpp">
      <Filter>소스 파일\Object</Filter>
    </ClCompile>
    <ClCompile Include="Object.cpp">
      <Filter>소스 파일\Object</Filter>
    </ClCompile>
    <ClCompile Include="ProgramManager.cpp">
      <Filter>소스 파일</Filter>
    </ClCompile>
    <ClCompile Include="Renderer.cpp">
      <Filter>소스 파일</Filter>
    </ClCompile>
    <ClCompile Include="ObjectInstance.cpp">
      <Filter>소스 파일\Object</Filter>
    </ClCompile>
    <ClCompile Include="PatchedGround.cpp">
      <Filter>소스 파일\Object\Map</Filter>
    </ClCompile>
    <ClCompile Include="SimpleGround.cpp">
      <Filter>소스 파일\Object\Map</Filter>
    </ClCompile>
    <ClCompile Include="SpotLight.cpp">
      <Filter>소스 파일\Object\Light</Filter>
    </ClCompile>
    <ClCompile Include="Light.cpp">
      <Filter>소스 파일\Object\Light</Filter>
    </ClCompile>
    <ClCompile Include="LightSystem.cpp">
      <Filter>소스 파일\Object\Light</Filter>
    </ClCompile>
    <ClCompile Include="AssimpModelNode.cpp">
      <Filter>소스 파일\Object\AssmipObj</Filter>
    </ClCompile>
    <ClCompile Include="Drone.cpp">
      <Filter>소스 파일\Object\AssmipObj</Filter>
    </ClCompile>
    <ClCompile Include="Mesh.cpp">
      <Filter>소스 파일\OpenGLCore</Filter>
    </ClCompile>
    <ClCompile Include="MyShader.cpp">
      <Filter>소스 파일\OpenGLCore</Filter>
    </ClCompile>
    <ClCompile Include="MyFrameBuffer.cpp">
      <Filter>소스 파일\OpenGLCore</Filter>
    </ClCompile>
    <ClCompile Include="Sampler.cpp">
      <Filter>소스 파일\OpenGLCore</Filter>
    </ClCompile>
    <ClCompile Include="Texture.cpp">
      <Filter>소스 파일\OpenGLCore</Filter>
    </ClCompile>
    <ClCompile Include="Camera.cpp">
      <Filter>소스 파일\Camera</Filter>
    </ClCompile>
    <ClCompile Include="DroneCamera.cpp">
      <Filter>소스 파일\Camera</Filter>
    </ClCompile>
  </ItemGroup>
  <ItemGroup>
    <ClInclude Include="CommonHeader.h">
      <Filter>헤더 파일</Filter>
    </ClInclude>
    <ClInclude Include="Timer.h">
      <Filter>헤더 파일</Filter>
    </ClInclude>
    <ClInclude Include="Geometry.h">
      <Filter>헤더 파일\Object\Geomytry</Filter>
    </ClInclude>
    <ClInclude Include="PerlinNoise.h">
      <Filter>헤더 파일\Perlin</Filter>
    </ClInclude>
    <ClInclude Include="ppm.h">
      <Filter>소스 파일\Test</Filter>
    </ClInclude>
    <ClInclude Include="SkyBox.h">
      <Filter>헤더 파일\Object</Filter>
    </ClInclude>
    <ClInclude Include="Object.h">
      <Filter>헤더 파일\Object</Filter>
    </ClInclude>
    <ClInclude Include="ProgramManager.h">
      <Filter>헤더 파일</Filter>
    </ClInclude>
    <ClInclude Include="Renderer.h">
      <Filter>헤더 파일</Filter>
    </ClInclude>
    <ClInclude Include="ObjectInstance.h">
      <Filter>헤더 파일\Object</Filter>
    </ClInclude>
    <ClInclude Include="AssimpModelNode.h">
      <Filter>헤더 파일\Object\AssimpObj</Filter>
    </ClInclude>
    <ClInclude Include="LightSystem.h">
      <Filter>헤더 파일\Object\Light</Filter>
    </ClInclude>
    <ClInclude Include="Drone.h">
      <Filter>헤더 파일\Object\AssimpObj</Filter>
    </ClInclude>
    <ClInclude Include="Light.h">
      <Filter>헤더 파일\Object\Light</Filter>
    </ClInclude>
    <ClInclude Include="PatchedGround.h">
      <Filter>헤더 파일\Object\Map</Filter>
    </ClInclude>
    <ClInclude Include="SimpleGround.h">
      <Filter>헤더 파일\Object\Map</Filter>
    </ClInclude>
    <ClInclude Include="SpotLight.h">
      <Filter>헤더 파일\Object\Light</Filter>
    </ClInclude>
    <ClInclude Include="Camera.h">
      <Filter>헤더 파일\Camera</Filter>
    </ClInclude>
    <ClInclude Include="DroneCamera.h">
      <Filter>헤더 파일\Camera</Filter>
    </ClInclude>
    <ClInclude Include="Scene.h">
      <Filter>헤더 파일\OpenGLCore</Filter>
    </ClInclude>
    <ClInclude Include="Sampler.h">
      <Filter>헤더 파일\OpenGLCore</Filter>
    </ClInclude>
    <ClInclude Include="Texture.h">
      <Filter>헤더 파일\OpenGLCore</Filter>
    </ClInclude>
    <ClInclude Include="MyFrameBuffer.h">
      <Filter>헤더 파일\OpenGLCore</Filter>
    </ClInclude>
    <ClInclude Include="Mesh.h">
      <Filter>헤더 파일\OpenGLCore</Filter>
    </ClInclude>
    <ClInclude Include="myShader.h">
      <Filter>헤더 파일\OpenGLCore</Filter>
    </ClInclude>
  </ItemGroup>
</Project>